
Microsoft Visual Studio Solution File, Format Version 12.00
# Visual Studio Version 17
VisualStudioVersion = 17.12.35323.107
MinimumVisualStudioVersion = 10.0.40219.1
Project("{FAE04EC0-301F-11D3-BF4B-00C04F79EFBC}") = "ConsoleApp2", "ConsoleApp2.csproj", "{101BA705-662D-4374-9073-F8053CB802E4}"
EndProject
Global
	GlobalSection(SolutionConfigurationPlatforms) = preSolution
		Debug|Any CPU = Debug|Any CPU
		Release|Any CPU = Release|Any CPU
	EndGlobalSection
	GlobalSection(ProjectConfigurationPlatforms) = postSolution
		{101BA705-662D-4374-9073-F8053CB802E4}.Debug|Any CPU.ActiveCfg = Debug|Any CPU
		{101BA705-662D-4374-9073-F8053CB802E4}.Debug|Any CPU.Build.0 = Debug|Any CPU
		{101BA705-662D-4374-9073-F8053CB802E4}.Release|Any CPU.ActiveCfg = Release|Any CPU
		{101BA705-662D-4374-9073-F8053CB802E4}.Release|Any CPU.Build.0 = Release|Any CPU
	EndGlobalSection
	GlobalSection(SolutionProperties) = preSolution
		HideSolutionNode = FALSE
	EndGlobalSection
	GlobalSection(ExtensibilityGlobals) = postSolution
		SolutionGuid = {E1C39EFF-1F03-4916-A82D-0B5F5E62000E}
	EndGlobalSection
EndGlobal
